
Microsoft Visual Studio Solution File, Format Version 11.00
# Visual Studio 2010
Project("{FAE04EC0-301F-11D3-BF4B-00C04F79EFBC}") = "Assembly-CSharp", "Assembly-CSharp.csproj", "{bec9ed63-a1e7-c3af-19ce-79d4d17d01cd}"
EndProject
Project("{FAE04EC0-301F-11D3-BF4B-00C04F79EFBC}") = "NavMeshComponents", "NavMeshComponents.csproj", "{f760fdfd-5dd5-dc77-252e-c9279f33d454}"
EndProject
Project("{FAE04EC0-301F-11D3-BF4B-00C04F79EFBC}") = "NavMeshComponentsEditor", "NavMeshComponentsEditor.csproj", "{ac7c9fb0-2a11-7e99-f4d2-fb94554a4072}"
EndProject
Global
	GlobalSection(SolutionConfigurationPlatforms) = preSolution
		Debug|Any CPU = Debug|Any CPU
	EndGlobalSection
	GlobalSection(ProjectConfigurationPlatforms) = postSolution
		{bec9ed63-a1e7-c3af-19ce-79d4d17d01cd}.Debug|Any CPU.ActiveCfg = Debug|Any CPU
		{bec9ed63-a1e7-c3af-19ce-79d4d17d01cd}.Debug|Any CPU.Build.0 = Debug|Any CPU
		{f760fdfd-5dd5-dc77-252e-c9279f33d454}.Debug|Any CPU.ActiveCfg = Debug|Any CPU
		{f760fdfd-5dd5-dc77-252e-c9279f33d454}.Debug|Any CPU.Build.0 = Debug|Any CPU
		{ac7c9fb0-2a11-7e99-f4d2-fb94554a4072}.Debug|Any CPU.ActiveCfg = Debug|Any CPU
		{ac7c9fb0-2a11-7e99-f4d2-fb94554a4072}.Debug|Any CPU.Build.0 = Debug|Any CPU
	EndGlobalSection
	GlobalSection(SolutionProperties) = preSolution
		HideSolutionNode = FALSE
	EndGlobalSection
EndGlobal
